
Microsoft Visual Studio Solution File, Format Version 12.00
Project("{FAE04EC0-301F-11D3-BF4B-00C04F79EFBC}") = "MinhasFinancas.API", "MinhasFinancas.API\MinhasFinancas.API.csproj", "{B5312C41-B7F3-4896-A3DF-72CF5E9229DB}"
EndProject
Project("{FAE04EC0-301F-11D3-BF4B-00C04F79EFBC}") = "MinhasFinancas.Auth", "MinhasFinancas.Auth\MinhasFinancas.Auth.csproj", "{2F6406DD-2481-4370-AC6D-55BA4848F8D5}"
EndProject
Global
	GlobalSection(SolutionConfigurationPlatforms) = preSolution
		Debug|Any CPU = Debug|Any CPU
		Release|Any CPU = Release|Any CPU
	EndGlobalSection
	GlobalSection(ProjectConfigurationPlatforms) = postSolution
		{B5312C41-B7F3-4896-A3DF-72CF5E9229DB}.Debug|Any CPU.ActiveCfg = Debug|Any CPU
		{B5312C41-B7F3-4896-A3DF-72CF5E9229DB}.Debug|Any CPU.Build.0 = Debug|Any CPU
		{B5312C41-B7F3-4896-A3DF-72CF5E9229DB}.Release|Any CPU.ActiveCfg = Release|Any CPU
		{B5312C41-B7F3-4896-A3DF-72CF5E9229DB}.Release|Any CPU.Build.0 = Release|Any CPU
		{2F6406DD-2481-4370-AC6D-55BA4848F8D5}.Debug|Any CPU.ActiveCfg = Debug|Any CPU
		{2F6406DD-2481-4370-AC6D-55BA4848F8D5}.Debug|Any CPU.Build.0 = Debug|Any CPU
		{2F6406DD-2481-4370-AC6D-55BA4848F8D5}.Release|Any CPU.ActiveCfg = Release|Any CPU
		{2F6406DD-2481-4370-AC6D-55BA4848F8D5}.Release|Any CPU.Build.0 = Release|Any CPU
	EndGlobalSection
EndGlobal
