
Microsoft Visual Studio Solution File, Format Version 12.00
Project("{FAE04EC0-301F-11D3-BF4B-00C04F79EFBC}") = "MyFinances.API", "MyFinances.API\MyFinances.API.csproj", "{B5312C41-B7F3-4896-A3DF-72CF5E9229DB}"
EndProject
Project("{FAE04EC0-301F-11D3-BF4B-00C04F79EFBC}") = "MyFinances.Auth", "MyFinances.Auth\MyFinances.Auth.csproj", "{2F6406DD-2481-4370-AC6D-55BA4848F8D5}"
EndProject
Project("{FAE04EC0-301F-11D3-BF4B-00C04F79EFBC}") = "MyFinances.Tests", "MyFinances.Tests\MyFinances.Tests.csproj", "{9DAD8BEF-1B2F-4D5E-94C7-2BD9BA40117D}"
EndProject
Project("{FAE04EC0-301F-11D3-BF4B-00C04F79EFBC}") = "MyFinances.Domain", "MyFinances.Domain\MyFinances.Domain.csproj", "{76EA79A6-C9B6-46D0-8538-227FE2567388}"
EndProject
Project("{2150E333-8FDC-42A3-9474-1A3956D46DE8}") = "src", "src", "{A7A5248F-DD36-40E5-9A4E-DA6140F08E33}"
EndProject
Project("{2150E333-8FDC-42A3-9474-1A3956D46DE8}") = "tests", "tests", "{9CA209D3-0107-4B85-ADEA-7A5EE5229090}"
EndProject
Project("{FAE04EC0-301F-11D3-BF4B-00C04F79EFBC}") = "MyFinances.Selenium", "MyFinances.Selenium\MyFinances.Selenium.csproj", "{A03B785C-D114-42CB-8BFE-45C37A0C10E7}"
EndProject
Project("{FAE04EC0-301F-11D3-BF4B-00C04F79EFBC}") = "MyFinances.Infrastructure", "MyFinances.Infrastructure\MyFinances.Infrastructure.csproj", "{62DFA8B0-BCA4-4613-AC67-8D781B6D4E60}"
EndProject
Project("{FAE04EC0-301F-11D3-BF4B-00C04F79EFBC}") = "MyFinances.Application", "MyFinances.Application\MyFinances.Application.csproj", "{C5A179B6-256B-441F-BF88-9D5A68197259}"
EndProject
Global
	GlobalSection(SolutionConfigurationPlatforms) = preSolution
		Debug|Any CPU = Debug|Any CPU
		Release|Any CPU = Release|Any CPU
	EndGlobalSection
	GlobalSection(ProjectConfigurationPlatforms) = postSolution
		{B5312C41-B7F3-4896-A3DF-72CF5E9229DB}.Debug|Any CPU.ActiveCfg = Debug|Any CPU
		{B5312C41-B7F3-4896-A3DF-72CF5E9229DB}.Debug|Any CPU.Build.0 = Debug|Any CPU
		{B5312C41-B7F3-4896-A3DF-72CF5E9229DB}.Release|Any CPU.ActiveCfg = Release|Any CPU
		{B5312C41-B7F3-4896-A3DF-72CF5E9229DB}.Release|Any CPU.Build.0 = Release|Any CPU
		{2F6406DD-2481-4370-AC6D-55BA4848F8D5}.Debug|Any CPU.ActiveCfg = Debug|Any CPU
		{2F6406DD-2481-4370-AC6D-55BA4848F8D5}.Debug|Any CPU.Build.0 = Debug|Any CPU
		{2F6406DD-2481-4370-AC6D-55BA4848F8D5}.Release|Any CPU.ActiveCfg = Release|Any CPU
		{2F6406DD-2481-4370-AC6D-55BA4848F8D5}.Release|Any CPU.Build.0 = Release|Any CPU
		{9DAD8BEF-1B2F-4D5E-94C7-2BD9BA40117D}.Debug|Any CPU.ActiveCfg = Debug|Any CPU
		{9DAD8BEF-1B2F-4D5E-94C7-2BD9BA40117D}.Debug|Any CPU.Build.0 = Debug|Any CPU
		{9DAD8BEF-1B2F-4D5E-94C7-2BD9BA40117D}.Release|Any CPU.ActiveCfg = Release|Any CPU
		{9DAD8BEF-1B2F-4D5E-94C7-2BD9BA40117D}.Release|Any CPU.Build.0 = Release|Any CPU
		{76EA79A6-C9B6-46D0-8538-227FE2567388}.Debug|Any CPU.ActiveCfg = Debug|Any CPU
		{76EA79A6-C9B6-46D0-8538-227FE2567388}.Debug|Any CPU.Build.0 = Debug|Any CPU
		{76EA79A6-C9B6-46D0-8538-227FE2567388}.Release|Any CPU.ActiveCfg = Release|Any CPU
		{76EA79A6-C9B6-46D0-8538-227FE2567388}.Release|Any CPU.Build.0 = Release|Any CPU
		{2BC06EA4-FE2F-4179-8151-43BAE6A1157F}.Debug|Any CPU.ActiveCfg = Debug|Any CPU
		{2BC06EA4-FE2F-4179-8151-43BAE6A1157F}.Debug|Any CPU.Build.0 = Debug|Any CPU
		{2BC06EA4-FE2F-4179-8151-43BAE6A1157F}.Release|Any CPU.ActiveCfg = Release|Any CPU
		{2BC06EA4-FE2F-4179-8151-43BAE6A1157F}.Release|Any CPU.Build.0 = Release|Any CPU
		{A03B785C-D114-42CB-8BFE-45C37A0C10E7}.Debug|Any CPU.ActiveCfg = Debug|Any CPU
		{A03B785C-D114-42CB-8BFE-45C37A0C10E7}.Debug|Any CPU.Build.0 = Debug|Any CPU
		{A03B785C-D114-42CB-8BFE-45C37A0C10E7}.Release|Any CPU.ActiveCfg = Release|Any CPU
		{A03B785C-D114-42CB-8BFE-45C37A0C10E7}.Release|Any CPU.Build.0 = Release|Any CPU
		{C5A179B6-256B-441F-BF88-9D5A68197259}.Debug|Any CPU.ActiveCfg = Debug|Any CPU
		{C5A179B6-256B-441F-BF88-9D5A68197259}.Debug|Any CPU.Build.0 = Debug|Any CPU
		{62DFA8B0-BCA4-4613-AC67-8D781B6D4E60}.Debug|Any CPU.ActiveCfg = Debug|Any CPU
		{62DFA8B0-BCA4-4613-AC67-8D781B6D4E60}.Debug|Any CPU.Build.0 = Debug|Any CPU
	EndGlobalSection
	GlobalSection(NestedProjects) = preSolution
		{9DAD8BEF-1B2F-4D5E-94C7-2BD9BA40117D} = {9CA209D3-0107-4B85-ADEA-7A5EE5229090}
		{B5312C41-B7F3-4896-A3DF-72CF5E9229DB} = {A7A5248F-DD36-40E5-9A4E-DA6140F08E33}
		{2F6406DD-2481-4370-AC6D-55BA4848F8D5} = {A7A5248F-DD36-40E5-9A4E-DA6140F08E33}
		{76EA79A6-C9B6-46D0-8538-227FE2567388} = {A7A5248F-DD36-40E5-9A4E-DA6140F08E33}
		{2BC06EA4-FE2F-4179-8151-43BAE6A1157F} = {A7A5248F-DD36-40E5-9A4E-DA6140F08E33}
		{A03B785C-D114-42CB-8BFE-45C37A0C10E7} = {9CA209D3-0107-4B85-ADEA-7A5EE5229090}
		{C5A179B6-256B-441F-BF88-9D5A68197259} = {A7A5248F-DD36-40E5-9A4E-DA6140F08E33}
		{62DFA8B0-BCA4-4613-AC67-8D781B6D4E60} = {A7A5248F-DD36-40E5-9A4E-DA6140F08E33}
	EndGlobalSection
EndGlobal
